// !$*UTF8*$!
{
	archiveVersion = 1;
	classes = {
	};
	objectVersion = 48;
	objects = {

/* Begin PBXBuildFile section */
		9535FFD41FDB2C3E00EE903E /* AppDelegate.swift in Sources */ = {isa = PBXBuildFile; fileRef = 9535FFD31FDB2C3E00EE903E /* AppDelegate.swift */; };
		9535FFD61FDB2C3E00EE903E /* ViewController.swift in Sources */ = {isa = PBXBuildFile; fileRef = 9535FFD51FDB2C3E00EE903E /* ViewController.swift */; };
		9535FFD91FDB2C3E00EE903E /* Main.storyboard in Resources */ = {isa = PBXBuildFile; fileRef = 9535FFD71FDB2C3E00EE903E /* Main.storyboard */; };
		9535FFDB1FDB2C3E00EE903E /* Assets.xcassets in Resources */ = {isa = PBXBuildFile; fileRef = 9535FFDA1FDB2C3E00EE903E /* Assets.xcassets */; };
		9535FFDE1FDB2C3E00EE903E /* LaunchScreen.storyboard in Resources */ = {isa = PBXBuildFile; fileRef = 9535FFDC1FDB2C3E00EE903E /* LaunchScreen.storyboard */; };
		9535FFEC1FDB2F4F00EE903E /* RedditEntry.swift in Sources */ = {isa = PBXBuildFile; fileRef = 9535FFEB1FDB2F4F00EE903E /* RedditEntry.swift */; };
		9535FFEE1FDC3F2600EE903E /* RedditAPI.swift in Sources */ = {isa = PBXBuildFile; fileRef = 9535FFED1FDC3F2600EE903E /* RedditAPI.swift */; };
		9535FFF01FDC588F00EE903E /* AccessToken.swift in Sources */ = {isa = PBXBuildFile; fileRef = 9535FFEF1FDC588F00EE903E /* AccessToken.swift */; };
/* End PBXBuildFile section */

/* Begin PBXFileReference section */
		9535FFD01FDB2C3E00EE903E /* iosTest.app */ = {isa = PBXFileReference; explicitFileType = wrapper.application; includeInIndex = 0; path = iosTest.app; sourceTree = BUILT_PRODUCTS_DIR; };
		9535FFD31FDB2C3E00EE903E /* AppDelegate.swift */ = {isa = PBXFileReference; lastKnownFileType = sourcecode.swift; path = AppDelegate.swift; sourceTree = "<group>"; };
		9535FFD51FDB2C3E00EE903E /* ViewController.swift */ = {isa = PBXFileReference; lastKnownFileType = sourcecode.swift; path = ViewController.swift; sourceTree = "<group>"; };
		9535FFD81FDB2C3E00EE903E /* Base */ = {isa = PBXFileReference; lastKnownFileType = file.storyboard; name = Base; path = Base.lproj/Main.storyboard; sourceTree = "<group>"; };
		9535FFDA1FDB2C3E00EE903E /* Assets.xcassets */ = {isa = PBXFileReference; lastKnownFileType = folder.assetcatalog; path = Assets.xcassets; sourceTree = "<group>"; };
		9535FFDD1FDB2C3E00EE903E /* Base */ = {isa = PBXFileReference; lastKnownFileType = file.storyboard; name = Base; path = Base.lproj/LaunchScreen.storyboard; sourceTree = "<group>"; };
		9535FFDF1FDB2C3E00EE903E /* Info.plist */ = {isa = PBXFileReference; lastKnownFileType = text.plist.xml; path = Info.plist; sourceTree = "<group>"; };
		9535FFEB1FDB2F4F00EE903E /* RedditEntry.swift */ = {isa = PBXFileReference; lastKnownFileType = sourcecode.swift; path = RedditEntry.swift; sourceTree = "<group>"; };
		9535FFED1FDC3F2600EE903E /* RedditAPI.swift */ = {isa = PBXFileReference; lastKnownFileType = sourcecode.swift; path = RedditAPI.swift; sourceTree = "<group>"; };
		9535FFEF1FDC588F00EE903E /* AccessToken.swift */ = {isa = PBXFileReference; lastKnownFileType = sourcecode.swift; path = AccessToken.swift; sourceTree = "<group>"; };
/* End PBXFileReference section */

/* Begin PBXFrameworksBuildPhase section */
		9535FFCD1FDB2C3D00EE903E /* Frameworks */ = {
			isa = PBXFrameworksBuildPhase;
			buildActionMask = 2147483647;
			files = (
			);
			runOnlyForDeploymentPostprocessing = 0;
		};
/* End PBXFrameworksBuildPhase section */

/* Begin PBXGroup section */
		9535FFC71FDB2C3D00EE903E = {
			isa = PBXGroup;
			children = (
				9535FFD21FDB2C3E00EE903E /* iosTest */,
				9535FFD11FDB2C3E00EE903E /* Products */,
			);
			sourceTree = "<group>";
		};
		9535FFD11FDB2C3E00EE903E /* Products */ = {
			isa = PBXGroup;
			children = (
				9535FFD01FDB2C3E00EE903E /* iosTest.app */,
			);
			name = Products;
			sourceTree = "<group>";
		};
		9535FFD21FDB2C3E00EE903E /* iosTest */ = {
			isa = PBXGroup;
			children = (
				9535FFE71FDB2D1000EE903E /* Services */,
				9535FFE61FDB2CF500EE903E /* Modules */,
				9535FFE51FDB2CE700EE903E /* Model */,
				9535FFD31FDB2C3E00EE903E /* AppDelegate.swift */,
				9535FFD51FDB2C3E00EE903E /* ViewController.swift */,
				9535FFD71FDB2C3E00EE903E /* Main.storyboard */,
				9535FFDA1FDB2C3E00EE903E /* Assets.xcassets */,
				9535FFDC1FDB2C3E00EE903E /* LaunchScreen.storyboard */,
				9535FFDF1FDB2C3E00EE903E /* Info.plist */,
			);
			path = iosTest;
			sourceTree = "<group>";
		};
		9535FFE51FDB2CE700EE903E /* Model */ = {
			isa = PBXGroup;
			children = (
				9535FFEB1FDB2F4F00EE903E /* RedditEntry.swift */,
			);
			path = Model;
			sourceTree = "<group>";
		};
		9535FFE61FDB2CF500EE903E /* Modules */ = {
			isa = PBXGroup;
			children = (
				9535FFE91FDB2D4800EE903E /* EntryList */,
			);
			path = Modules;
			sourceTree = "<group>";
		};
		9535FFE71FDB2D1000EE903E /* Services */ = {
			isa = PBXGroup;
			children = (
				9535FFE81FDB2D1B00EE903E /* Networking */,
			);
			path = Services;
			sourceTree = "<group>";
		};
		9535FFE81FDB2D1B00EE903E /* Networking */ = {
			isa = PBXGroup;
			children = (
				9535FFED1FDC3F2600EE903E /* RedditAPI.swift */,
				9535FFEF1FDC588F00EE903E /* AccessToken.swift */,
			);
			path = Networking;
			sourceTree = "<group>";
		};
		9535FFE91FDB2D4800EE903E /* EntryList */ = {
			isa = PBXGroup;
			children = (
			);
			path = EntryList;
			sourceTree = "<group>";
		};
/* End PBXGroup section */

/* Begin PBXNativeTarget section */
		9535FFCF1FDB2C3D00EE903E /* iosTest */ = {
			isa = PBXNativeTarget;
			buildConfigurationList = 9535FFE21FDB2C3E00EE903E /* Build configuration list for PBXNativeTarget "iosTest" */;
			buildPhases = (
				9535FFCC1FDB2C3D00EE903E /* Sources */,
				9535FFCD1FDB2C3D00EE903E /* Frameworks */,
				9535FFCE1FDB2C3D00EE903E /* Resources */,
			);
			buildRules = (
			);
			dependencies = (
			);
			name = iosTest;
			productName = iosTest;
			productReference = 9535FFD01FDB2C3E00EE903E /* iosTest.app */;
			productType = "com.apple.product-type.application";
		};
/* End PBXNativeTarget section */

/* Begin PBXProject section */
		9535FFC81FDB2C3D00EE903E /* Project object */ = {
			isa = PBXProject;
			attributes = {
				LastSwiftUpdateCheck = 0920;
				LastUpgradeCheck = 0920;
				ORGANIZATIONNAME = "Alex Iartsev";
				TargetAttributes = {
					9535FFCF1FDB2C3D00EE903E = {
						CreatedOnToolsVersion = 9.2;
						ProvisioningStyle = Automatic;
					};
				};
			};
			buildConfigurationList = 9535FFCB1FDB2C3D00EE903E /* Build configuration list for PBXProject "iosTest" */;
			compatibilityVersion = "Xcode 8.0";
			developmentRegion = en;
			hasScannedForEncodings = 0;
			knownRegions = (
				en,
				Base,
			);
			mainGroup = 9535FFC71FDB2C3D00EE903E;
			productRefGroup = 9535FFD11FDB2C3E00EE903E /* Products */;
			projectDirPath = "";
			projectRoot = "";
			targets = (
				9535FFCF1FDB2C3D00EE903E /* iosTest */,
			);
		};
/* End PBXProject section */

/* Begin PBXResourcesBuildPhase section */
		9535FFCE1FDB2C3D00EE903E /* Resources */ = {
			isa = PBXResourcesBuildPhase;
			buildActionMask = 2147483647;
			files = (
				9535FFDE1FDB2C3E00EE903E /* LaunchScreen.storyboard in Resources */,
				9535FFDB1FDB2C3E00EE903E /* Assets.xcassets in Resources */,
				9535FFD91FDB2C3E00EE903E /* Main.storyboard in Resources */,
			);
			runOnlyForDeploymentPostprocessing = 0;
		};
/* End PBXResourcesBuildPhase section */

/* Begin PBXSourcesBuildPhase section */
		9535FFCC1FDB2C3D00EE903E /* Sources */ = {
			isa = PBXSourcesBuildPhase;
			buildActionMask = 2147483647;
			files = (
				9535FFEE1FDC3F2600EE903E /* RedditAPI.swift in Sources */,
				9535FFD61FDB2C3E00EE903E /* ViewController.swift in Sources */,
				9535FFEC1FDB2F4F00EE903E /* RedditEntry.swift in Sources */,
				9535FFD41FDB2C3E00EE903E /* AppDelegate.swift in Sources */,
				9535FFF01FDC588F00EE903E /* AccessToken.swift in Sources */,
			);
			runOnlyForDeploymentPostprocessing = 0;
		};
/* End PBXSourcesBuildPhase section */

/* Begin PBXVariantGroup section */
		9535FFD71FDB2C3E00EE903E /* Main.storyboard */ = {
			isa = PBXVariantGroup;
			children = (
				9535FFD81FDB2C3E00EE903E /* Base */,
			);
			name = Main.storyboard;
			sourceTree = "<group>";
		};
		9535FFDC1FDB2C3E00EE903E /* LaunchScreen.storyboard */ = {
			isa = PBXVariantGroup;
			children = (
				9535FFDD1FDB2C3E00EE903E /* Base */,
			);
			name = LaunchScreen.storyboard;
			sourceTree = "<group>";
		};
/* End PBXVariantGroup section */

/* Begin XCBuildConfiguration section */
		9535FFE01FDB2C3E00EE903E /* Debug */ = {
			isa = XCBuildConfiguration;
			buildSettings = {
				ALWAYS_SEARCH_USER_PATHS = NO;
				CLANG_ANALYZER_NONNULL = YES;
				CLANG_ANALYZER_NUMBER_OBJECT_CONVERSION = YES_AGGRESSIVE;
				CLANG_CXX_LANGUAGE_STANDARD = "gnu++14";
				CLANG_CXX_LIBRARY = "libc++";
				CLANG_ENABLE_MODULES = YES;
				CLANG_ENABLE_OBJC_ARC = YES;
				CLANG_WARN_BLOCK_CAPTURE_AUTORELEASING = YES;
				CLANG_WARN_BOOL_CONVERSION = YES;
				CLANG_WARN_COMMA = YES;
				CLANG_WARN_CONSTANT_CONVERSION = YES;
				CLANG_WARN_DIRECT_OBJC_ISA_USAGE = YES_ERROR;
				CLANG_WARN_DOCUMENTATION_COMMENTS = YES;
				CLANG_WARN_EMPTY_BODY = YES;
				CLANG_WARN_ENUM_CONVERSION = YES;
				CLANG_WARN_INFINITE_RECURSION = YES;
				CLANG_WARN_INT_CONVERSION = YES;
				CLANG_WARN_NON_LITERAL_NULL_CONVERSION = YES;
				CLANG_WARN_OBJC_LITERAL_CONVERSION = YES;
				CLANG_WARN_OBJC_ROOT_CLASS = YES_ERROR;
				CLANG_WARN_RANGE_LOOP_ANALYSIS = YES;
				CLANG_WARN_STRICT_PROTOTYPES = YES;
				CLANG_WARN_SUSPICIOUS_MOVE = YES;
				CLANG_WARN_UNGUARDED_AVAILABILITY = YES_AGGRESSIVE;
				CLANG_WARN_UNREACHABLE_CODE = YES;
				CLANG_WARN__DUPLICATE_METHOD_MATCH = YES;
				CODE_SIGN_IDENTITY = "iPhone Developer";
				COPY_PHASE_STRIP = NO;
				DEBUG_INFORMATION_FORMAT = dwarf;
				ENABLE_STRICT_OBJC_MSGSEND = YES;
				ENABLE_TESTABILITY = YES;
				GCC_C_LANGUAGE_STANDARD = gnu11;
				GCC_DYNAMIC_NO_PIC = NO;
				GCC_NO_COMMON_BLOCKS = YES;
				GCC_OPTIMIZATION_LEVEL = 0;
				GCC_PREPROCESSOR_DEFINITIONS = (
					"DEBUG=1",
					"$(inherited)",
				);
				GCC_WARN_64_TO_32_BIT_CONVERSION = YES;
				GCC_WARN_ABOUT_RETURN_TYPE = YES_ERROR;
				GCC_WARN_UNDECLARED_SELECTOR = YES;
				GCC_WARN_UNINITIALIZED_AUTOS = YES_AGGRESSIVE;
				GCC_WARN_UNUSED_FUNCTION = YES;
				GCC_WARN_UNUSED_VARIABLE = YES;
				IPHONEOS_DEPLOYMENT_TARGET = 11.2;
				MTL_ENABLE_DEBUG_INFO = YES;
				ONLY_ACTIVE_ARCH = YES;
				SDKROOT = iphoneos;
				SWIFT_ACTIVE_COMPILATION_CONDITIONS = DEBUG;
				SWIFT_OPTIMIZATION_LEVEL = "-Onone";
			};
			name = Debug;
		};
		9535FFE11FDB2C3E00EE903E /* Release */ = {
			isa = XCBuildConfiguration;
			buildSettings = {
				ALWAYS_SEARCH_USER_PATHS = NO;
				CLANG_ANALYZER_NONNULL = YES;
				CLANG_ANALYZER_NUMBER_OBJECT_CONVERSION = YES_AGGRESSIVE;
				CLANG_CXX_LANGUAGE_STANDARD = "gnu++14";
				CLANG_CXX_LIBRARY = "libc++";
				CLANG_ENABLE_MODULES = YES;
				CLANG_ENABLE_OBJC_ARC = YES;
				CLANG_WARN_BLOCK_CAPTURE_AUTORELEASING = YES;
				CLANG_WARN_BOOL_CONVERSION = YES;
				CLANG_WARN_COMMA = YES;
				CLANG_WARN_CONSTANT_CONVERSION = YES;
				CLANG_WARN_DIRECT_OBJC_ISA_USAGE = YES_ERROR;
				CLANG_WARN_DOCUMENTATION_COMMENTS = YES;
				CLANG_WARN_EMPTY_BODY = YES;
				CLANG_WARN_ENUM_CONVERSION = YES;
				CLANG_WARN_INFINITE_RECURSION = YES;
				CLANG_WARN_INT_CONVERSION = YES;
				CLANG_WARN_NON_LITERAL_NULL_CONVERSION = YES;
				CLANG_WARN_OBJC_LITERAL_CONVERSION = YES;
				CLANG_WARN_OBJC_ROOT_CLASS = YES_ERROR;
				CLANG_WARN_RANGE_LOOP_ANALYSIS = YES;
				CLANG_WARN_STRICT_PROTOTYPES = YES;
				CLANG_WARN_SUSPICIOUS_MOVE = YES;
				CLANG_WARN_UNGUARDED_AVAILABILITY = YES_AGGRESSIVE;
				CLANG_WARN_UNREACHABLE_CODE = YES;
				CLANG_WARN__DUPLICATE_METHOD_MATCH = YES;
				CODE_SIGN_IDENTITY = "iPhone Developer";
				COPY_PHASE_STRIP = NO;
				DEBUG_INFORMATION_FORMAT = "dwarf-with-dsym";
				ENABLE_NS_ASSERTIONS = NO;
				ENABLE_STRICT_OBJC_MSGSEND = YES;
				GCC_C_LANGUAGE_STANDARD = gnu11;
				GCC_NO_COMMON_BLOCKS = YES;
				GCC_WARN_64_TO_32_BIT_CONVERSION = YES;
				GCC_WARN_ABOUT_RETURN_TYPE = YES_ERROR;
				GCC_WARN_UNDECLARED_SELECTOR = YES;
				GCC_WARN_UNINITIALIZED_AUTOS = YES_AGGRESSIVE;
				GCC_WARN_UNUSED_FUNCTION = YES;
				GCC_WARN_UNUSED_VARIABLE = YES;
				IPHONEOS_DEPLOYMENT_TARGET = 11.2;
				MTL_ENABLE_DEBUG_INFO = NO;
				SDKROOT = iphoneos;
				SWIFT_OPTIMIZATION_LEVEL = "-Owholemodule";
				VALIDATE_PRODUCT = YES;
			};
			name = Release;
		};
		9535FFE31FDB2C3E00EE903E /* Debug */ = {
			isa = XCBuildConfiguration;
			buildSettings = {
				ASSETCATALOG_COMPILER_APPICON_NAME = AppIcon;
				CODE_SIGN_STYLE = Automatic;
				DEVELOPMENT_TEAM = 82YL3U2AR3;
				INFOPLIST_FILE = iosTest/Info.plist;
				LD_RUNPATH_SEARCH_PATHS = "$(inherited) @executable_path/Frameworks";
				PRODUCT_BUNDLE_IDENTIFIER = com.alex.iosTest;
				PRODUCT_NAME = "$(TARGET_NAME)";
				SWIFT_VERSION = 4.0;
				TARGETED_DEVICE_FAMILY = "1,2";
			};
			name = Debug;
		};
		9535FFE41FDB2C3E00EE903E /* Release */ = {
			isa = XCBuildConfiguration;
			buildSettings = {
				ASSETCATALOG_COMPILER_APPICON_NAME = AppIcon;
				CODE_SIGN_STYLE = Automatic;
				DEVELOPMENT_TEAM = 82YL3U2AR3;
				INFOPLIST_FILE = iosTest/Info.plist;
				LD_RUNPATH_SEARCH_PATHS = "$(inherited) @executable_path/Frameworks";
				PRODUCT_BUNDLE_IDENTIFIER = com.alex.iosTest;
				PRODUCT_NAME = "$(TARGET_NAME)";
				SWIFT_VERSION = 4.0;
				TARGETED_DEVICE_FAMILY = "1,2";
			};
			name = Release;
		};
/* End XCBuildConfiguration section */

/* Begin XCConfigurationList section */
		9535FFCB1FDB2C3D00EE903E /* Build configuration list for PBXProject "iosTest" */ = {
			isa = XCConfigurationList;
			buildConfigurations = (
				9535FFE01FDB2C3E00EE903E /* Debug */,
				9535FFE11FDB2C3E00EE903E /* Release */,
			);
			defaultConfigurationIsVisible = 0;
			defaultConfigurationName = Release;
		};
		9535FFE21FDB2C3E00EE903E /* Build configuration list for PBXNativeTarget "iosTest" */ = {
			isa = XCConfigurationList;
			buildConfigurations = (
				9535FFE31FDB2C3E00EE903E /* Debug */,
				9535FFE41FDB2C3E00EE903E /* Release */,
			);
			defaultConfigurationIsVisible = 0;
			defaultConfigurationName = Release;
		};
/* End XCConfigurationList section */
	};
	rootObject = 9535FFC81FDB2C3D00EE903E /* Project object */;
}
